
Microsoft Visual Studio Solution File, Format Version 12.00
Project("{FAE04EC0-301F-11D3-BF4B-00C04F79EFBC}") = "EducationPortal.Data", "EducationPortal.Data\EducationPortal.Data.csproj", "{49C54AA3-EE69-4815-B01B-3DC6259FB4FA}"
EndProject
Project("{FAE04EC0-301F-11D3-BF4B-00C04F79EFBC}") = "EducationPortal.Logic", "EducationPortal.Logic\EducationPortal.Logic.csproj", "{1B6C9447-C7F9-4EF0-B9CA-554ADA905C2B}"
EndProject
Project("{FAE04EC0-301F-11D3-BF4B-00C04F79EFBC}") = "EducationPortal.Repo", "EducationPortal.Repo\EducationPortal.Repo.csproj", "{0475586F-7132-4013-9FFA-5F502408BDC7}"
EndProject
Project("{FAE04EC0-301F-11D3-BF4B-00C04F79EFBC}") = "EducationPortal.WebMVC", "EducationPortal.WebMVC\EducationPortal.WebMVC.csproj", "{D0134BF8-C1B1-474B-9324-0EF6752492E0}"
EndProject
Project("{FAE04EC0-301F-11D3-BF4B-00C04F79EFBC}") = "EducationaPortal.Logic.Tests", "EducationaPortal.Logic.Tests\EducationaPortal.Logic.Tests.csproj", "{7CEEBBC9-B54D-44DA-8A47-62112E4CD73B}"
EndProject
Global
	GlobalSection(SolutionConfigurationPlatforms) = preSolution
		Debug|Any CPU = Debug|Any CPU
		Release|Any CPU = Release|Any CPU
	EndGlobalSection
	GlobalSection(ProjectConfigurationPlatforms) = postSolution
		{49C54AA3-EE69-4815-B01B-3DC6259FB4FA}.Debug|Any CPU.ActiveCfg = Debug|Any CPU
		{49C54AA3-EE69-4815-B01B-3DC6259FB4FA}.Debug|Any CPU.Build.0 = Debug|Any CPU
		{49C54AA3-EE69-4815-B01B-3DC6259FB4FA}.Release|Any CPU.ActiveCfg = Release|Any CPU
		{49C54AA3-EE69-4815-B01B-3DC6259FB4FA}.Release|Any CPU.Build.0 = Release|Any CPU
		{1B6C9447-C7F9-4EF0-B9CA-554ADA905C2B}.Debug|Any CPU.ActiveCfg = Debug|Any CPU
		{1B6C9447-C7F9-4EF0-B9CA-554ADA905C2B}.Debug|Any CPU.Build.0 = Debug|Any CPU
		{1B6C9447-C7F9-4EF0-B9CA-554ADA905C2B}.Release|Any CPU.ActiveCfg = Release|Any CPU
		{1B6C9447-C7F9-4EF0-B9CA-554ADA905C2B}.Release|Any CPU.Build.0 = Release|Any CPU
		{0475586F-7132-4013-9FFA-5F502408BDC7}.Debug|Any CPU.ActiveCfg = Debug|Any CPU
		{0475586F-7132-4013-9FFA-5F502408BDC7}.Debug|Any CPU.Build.0 = Debug|Any CPU
		{0475586F-7132-4013-9FFA-5F502408BDC7}.Release|Any CPU.ActiveCfg = Release|Any CPU
		{0475586F-7132-4013-9FFA-5F502408BDC7}.Release|Any CPU.Build.0 = Release|Any CPU
		{D0134BF8-C1B1-474B-9324-0EF6752492E0}.Debug|Any CPU.ActiveCfg = Debug|Any CPU
		{D0134BF8-C1B1-474B-9324-0EF6752492E0}.Debug|Any CPU.Build.0 = Debug|Any CPU
		{D0134BF8-C1B1-474B-9324-0EF6752492E0}.Release|Any CPU.ActiveCfg = Release|Any CPU
		{D0134BF8-C1B1-474B-9324-0EF6752492E0}.Release|Any CPU.Build.0 = Release|Any CPU
		{7CEEBBC9-B54D-44DA-8A47-62112E4CD73B}.Debug|Any CPU.ActiveCfg = Debug|Any CPU
		{7CEEBBC9-B54D-44DA-8A47-62112E4CD73B}.Debug|Any CPU.Build.0 = Debug|Any CPU
		{7CEEBBC9-B54D-44DA-8A47-62112E4CD73B}.Release|Any CPU.ActiveCfg = Release|Any CPU
		{7CEEBBC9-B54D-44DA-8A47-62112E4CD73B}.Release|Any CPU.Build.0 = Release|Any CPU
	EndGlobalSection
EndGlobal
